
Microsoft Visual Studio Solution File, Format Version 12.00
# Visual Studio Version 16
VisualStudioVersion = 25.0.1700.0
MinimumVisualStudioVersion = 10.0.40219.1
Project("{FAE04EC0-301F-11D3-BF4B-00C04F79EFBC}") = "ZXingBlazor", "ZXingBlazor.csproj", "{63FE7B45-7FE2-437D-A7E7-7519F127E81C}"
EndProject
Global
	GlobalSection(SolutionConfigurationPlatforms) = preSolution
		Debug|Any CPU = Debug|Any CPU
		Release|Any CPU = Release|Any CPU
	EndGlobalSection
	GlobalSection(ProjectConfigurationPlatforms) = postSolution
		{63FE7B45-7FE2-437D-A7E7-7519F127E81C}.Debug|Any CPU.ActiveCfg = Debug|Any CPU
		{63FE7B45-7FE2-437D-A7E7-7519F127E81C}.Debug|Any CPU.Build.0 = Debug|Any CPU
		{63FE7B45-7FE2-437D-A7E7-7519F127E81C}.Release|Any CPU.ActiveCfg = Release|Any CPU
		{63FE7B45-7FE2-437D-A7E7-7519F127E81C}.Release|Any CPU.Build.0 = Release|Any CPU
	EndGlobalSection
	GlobalSection(SolutionProperties) = preSolution
		HideSolutionNode = FALSE
	EndGlobalSection
	GlobalSection(ExtensibilityGlobals) = postSolution
		SolutionGuid = {B22AA11A-D6E1-4C16-9569-CD93A1D9B057}
	EndGlobalSection
EndGlobal
